
Microsoft Visual Studio Solution File, Format Version 12.00
# Visual Studio Version 17
VisualStudioVersion = 17.4.33122.133
MinimumVisualStudioVersion = 10.0.40219.1
Project("{9A19103F-16F7-4668-BE54-9A1E7A4F7556}") = "tictactoe-forms", "tictactoe-forms\tictactoe-forms.csproj", "{5225789C-EA46-4D0B-AA1D-0FA0C90B9424}"
EndProject
Project("{2150E333-8FDC-42A3-9474-1A3956D46DE8}") = "Solution Items", "Solution Items", "{58812D1A-A224-4A39-918E-E84CF88A70DF}"
	ProjectSection(SolutionItems) = preProject
		.editorconfig = .editorconfig
	EndProjectSection
EndProject
Global
	GlobalSection(SolutionConfigurationPlatforms) = preSolution
		Debug|Any CPU = Debug|Any CPU
		Release|Any CPU = Release|Any CPU
	EndGlobalSection
	GlobalSection(ProjectConfigurationPlatforms) = postSolution
		{5225789C-EA46-4D0B-AA1D-0FA0C90B9424}.Debug|Any CPU.ActiveCfg = Debug|Any CPU
		{5225789C-EA46-4D0B-AA1D-0FA0C90B9424}.Debug|Any CPU.Build.0 = Debug|Any CPU
		{5225789C-EA46-4D0B-AA1D-0FA0C90B9424}.Release|Any CPU.ActiveCfg = Release|Any CPU
		{5225789C-EA46-4D0B-AA1D-0FA0C90B9424}.Release|Any CPU.Build.0 = Release|Any CPU
	EndGlobalSection
	GlobalSection(SolutionProperties) = preSolution
		HideSolutionNode = FALSE
	EndGlobalSection
	GlobalSection(ExtensibilityGlobals) = postSolution
		SolutionGuid = {CD2EEB69-1571-4E2B-8829-3990152E7D2A}
	EndGlobalSection
EndGlobal
